
Microsoft Visual Studio Solution File, Format Version 12.00
# Visual Studio Version 17
VisualStudioVersion = 17.7.34202.233
MinimumVisualStudioVersion = 10.0.40219.1
Project("{2150E333-8FDC-42A3-9474-1A3956D46DE8}") = "src", "src", "{7B628811-6C55-4C69-8BD6-77F366FB6BEA}"
EndProject
Project("{2150E333-8FDC-42A3-9474-1A3956D46DE8}") = "presentation", "presentation", "{12273F59-3F9A-4C3C-B5EE-B5686D953B27}"
EndProject
Project("{9A19103F-16F7-4668-BE54-9A1E7A4F7556}") = "Core", "src\Core\Core.csproj", "{B353FC8D-9393-4B71-9862-6CC3DCE93D25}"
EndProject
Project("{9A19103F-16F7-4668-BE54-9A1E7A4F7556}") = "DataAccess", "src\DataAccess\DataAccess.csproj", "{AB15E529-C20B-4BED-BF42-38AF6BC73A1F}"
EndProject
Project("{9A19103F-16F7-4668-BE54-9A1E7A4F7556}") = "Business", "src\Business\Business.csproj", "{B05B59A3-9431-43F3-BED8-9E3130069AEF}"
EndProject
Project("{9A19103F-16F7-4668-BE54-9A1E7A4F7556}") = "WebUI", "presentation\WebUI\WebUI.csproj", "{95DC2C0E-0866-435D-8424-8F911C6BA309}"
EndProject
Project("{2150E333-8FDC-42A3-9474-1A3956D46DE8}") = "Solution Items", "Solution Items", "{2E85510E-359A-4FF0-B066-05327FFD473A}"
	ProjectSection(SolutionItems) = preProject
		.editorconfig = .editorconfig
	EndProjectSection
EndProject
Global
	GlobalSection(SolutionConfigurationPlatforms) = preSolution
		Debug|Any CPU = Debug|Any CPU
		Release|Any CPU = Release|Any CPU
	EndGlobalSection
	GlobalSection(ProjectConfigurationPlatforms) = postSolution
		{B353FC8D-9393-4B71-9862-6CC3DCE93D25}.Debug|Any CPU.ActiveCfg = Debug|Any CPU
		{B353FC8D-9393-4B71-9862-6CC3DCE93D25}.Debug|Any CPU.Build.0 = Debug|Any CPU
		{B353FC8D-9393-4B71-9862-6CC3DCE93D25}.Release|Any CPU.ActiveCfg = Release|Any CPU
		{B353FC8D-9393-4B71-9862-6CC3DCE93D25}.Release|Any CPU.Build.0 = Release|Any CPU
		{AB15E529-C20B-4BED-BF42-38AF6BC73A1F}.Debug|Any CPU.ActiveCfg = Debug|Any CPU
		{AB15E529-C20B-4BED-BF42-38AF6BC73A1F}.Debug|Any CPU.Build.0 = Debug|Any CPU
		{AB15E529-C20B-4BED-BF42-38AF6BC73A1F}.Release|Any CPU.ActiveCfg = Release|Any CPU
		{AB15E529-C20B-4BED-BF42-38AF6BC73A1F}.Release|Any CPU.Build.0 = Release|Any CPU
		{B05B59A3-9431-43F3-BED8-9E3130069AEF}.Debug|Any CPU.ActiveCfg = Debug|Any CPU
		{B05B59A3-9431-43F3-BED8-9E3130069AEF}.Debug|Any CPU.Build.0 = Debug|Any CPU
		{B05B59A3-9431-43F3-BED8-9E3130069AEF}.Release|Any CPU.ActiveCfg = Release|Any CPU
		{B05B59A3-9431-43F3-BED8-9E3130069AEF}.Release|Any CPU.Build.0 = Release|Any CPU
		{95DC2C0E-0866-435D-8424-8F911C6BA309}.Debug|Any CPU.ActiveCfg = Debug|Any CPU
		{95DC2C0E-0866-435D-8424-8F911C6BA309}.Debug|Any CPU.Build.0 = Debug|Any CPU
		{95DC2C0E-0866-435D-8424-8F911C6BA309}.Release|Any CPU.ActiveCfg = Release|Any CPU
		{95DC2C0E-0866-435D-8424-8F911C6BA309}.Release|Any CPU.Build.0 = Release|Any CPU
	EndGlobalSection
	GlobalSection(SolutionProperties) = preSolution
		HideSolutionNode = FALSE
	EndGlobalSection
	GlobalSection(NestedProjects) = preSolution
		{B353FC8D-9393-4B71-9862-6CC3DCE93D25} = {7B628811-6C55-4C69-8BD6-77F366FB6BEA}
		{AB15E529-C20B-4BED-BF42-38AF6BC73A1F} = {7B628811-6C55-4C69-8BD6-77F366FB6BEA}
		{B05B59A3-9431-43F3-BED8-9E3130069AEF} = {7B628811-6C55-4C69-8BD6-77F366FB6BEA}
		{95DC2C0E-0866-435D-8424-8F911C6BA309} = {12273F59-3F9A-4C3C-B5EE-B5686D953B27}
	EndGlobalSection
	GlobalSection(ExtensibilityGlobals) = postSolution
		SolutionGuid = {33D408E5-097C-449E-9E97-38A38228E480}
	EndGlobalSection
EndGlobal
